
Microsoft Visual Studio Solution File, Format Version 12.00
# Visual Studio Version 17
VisualStudioVersion = 17.12.35506.116
MinimumVisualStudioVersion = 10.0.40219.1
Project("{FAE04EC0-301F-11D3-BF4B-00C04F79EFBC}") = "Delivery.Service.API", "Delivery.Service\Delivery.Service.API.csproj", "{CDC376EF-3F80-47E0-B05D-765161CBEEC3}"
EndProject
Project("{FAE04EC0-301F-11D3-BF4B-00C04F79EFBC}") = "Delivery.Service.Common", "Delivery.Service.Common\Delivery.Service.Common.csproj", "{42EBA227-9353-4A68-85E4-F1C7F1E6A325}"
EndProject
Project("{FAE04EC0-301F-11D3-BF4B-00C04F79EFBC}") = "Delivery.Service.Core", "Delivery.Service.Core\Delivery.Service.Core.csproj", "{477E9555-9709-40AE-85B2-303F341E418A}"
EndProject
Project("{FAE04EC0-301F-11D3-BF4B-00C04F79EFBC}") = "Delivery.Service.Data", "Delivery.Service.Data\Delivery.Service.Data.csproj", "{FA949D26-BE8C-4235-867A-8CFDCD743F19}"
EndProject
Global
	GlobalSection(SolutionConfigurationPlatforms) = preSolution
		Debug|Any CPU = Debug|Any CPU
		Release|Any CPU = Release|Any CPU
	EndGlobalSection
	GlobalSection(ProjectConfigurationPlatforms) = postSolution
		{CDC376EF-3F80-47E0-B05D-765161CBEEC3}.Debug|Any CPU.ActiveCfg = Debug|Any CPU
		{CDC376EF-3F80-47E0-B05D-765161CBEEC3}.Debug|Any CPU.Build.0 = Debug|Any CPU
		{CDC376EF-3F80-47E0-B05D-765161CBEEC3}.Release|Any CPU.ActiveCfg = Release|Any CPU
		{CDC376EF-3F80-47E0-B05D-765161CBEEC3}.Release|Any CPU.Build.0 = Release|Any CPU
		{42EBA227-9353-4A68-85E4-F1C7F1E6A325}.Debug|Any CPU.ActiveCfg = Debug|Any CPU
		{42EBA227-9353-4A68-85E4-F1C7F1E6A325}.Debug|Any CPU.Build.0 = Debug|Any CPU
		{42EBA227-9353-4A68-85E4-F1C7F1E6A325}.Release|Any CPU.ActiveCfg = Release|Any CPU
		{42EBA227-9353-4A68-85E4-F1C7F1E6A325}.Release|Any CPU.Build.0 = Release|Any CPU
		{477E9555-9709-40AE-85B2-303F341E418A}.Debug|Any CPU.ActiveCfg = Debug|Any CPU
		{477E9555-9709-40AE-85B2-303F341E418A}.Debug|Any CPU.Build.0 = Debug|Any CPU
		{477E9555-9709-40AE-85B2-303F341E418A}.Release|Any CPU.ActiveCfg = Release|Any CPU
		{477E9555-9709-40AE-85B2-303F341E418A}.Release|Any CPU.Build.0 = Release|Any CPU
		{FA949D26-BE8C-4235-867A-8CFDCD743F19}.Debug|Any CPU.ActiveCfg = Debug|Any CPU
		{FA949D26-BE8C-4235-867A-8CFDCD743F19}.Debug|Any CPU.Build.0 = Debug|Any CPU
		{FA949D26-BE8C-4235-867A-8CFDCD743F19}.Release|Any CPU.ActiveCfg = Release|Any CPU
		{FA949D26-BE8C-4235-867A-8CFDCD743F19}.Release|Any CPU.Build.0 = Release|Any CPU
	EndGlobalSection
	GlobalSection(SolutionProperties) = preSolution
		HideSolutionNode = FALSE
	EndGlobalSection
EndGlobal
